// !$*UTF8*$!
{
	archiveVersion = 1;
	classes = {
	};
	objectVersion = 50;
	objects = {

/* Begin PBXBuildFile section */
		76008F7824ABBB1B00B858F5 /* RoomScene.swift in Sources */ = {isa = PBXBuildFile; fileRef = 76008F7724ABBB1B00B858F5 /* RoomScene.swift */; };
		76008F7A24ABBB4B00B858F5 /* RoomSceneInteractive.swift in Sources */ = {isa = PBXBuildFile; fileRef = 76008F7924ABBB4B00B858F5 /* RoomSceneInteractive.swift */; };
		76008F7C24ABBF5600B858F5 /* RoomBackground.swift in Sources */ = {isa = PBXBuildFile; fileRef = 76008F7B24ABBF5600B858F5 /* RoomBackground.swift */; };
		76008F7E24ABC07200B858F5 /* UIColor+Ext.swift in Sources */ = {isa = PBXBuildFile; fileRef = 76008F7D24ABC07200B858F5 /* UIColor+Ext.swift */; };
		76008F8124ACD9AE00B858F5 /* UserNode.swift in Sources */ = {isa = PBXBuildFile; fileRef = 76008F8024ACD9AE00B858F5 /* UserNode.swift */; };
		76008F8324ACD9C400B858F5 /* PersonNodeIdentifiable.swift in Sources */ = {isa = PBXBuildFile; fileRef = 76008F8224ACD9C400B858F5 /* PersonNodeIdentifiable.swift */; };
		76008F8524ACDA0B00B858F5 /* RoomMemberNode.swift in Sources */ = {isa = PBXBuildFile; fileRef = 76008F8424ACDA0B00B858F5 /* RoomMemberNode.swift */; };
		76008F8724ACDA5300B858F5 /* RoomSceneLayoutConstants.swift in Sources */ = {isa = PBXBuildFile; fileRef = 76008F8624ACDA5300B858F5 /* RoomSceneLayoutConstants.swift */; };
		76008F8924ACDAC500B858F5 /* RoomSceneDelegate.swift in Sources */ = {isa = PBXBuildFile; fileRef = 76008F8824ACDAC500B858F5 /* RoomSceneDelegate.swift */; };
		76008F8C24ACEE3300B858F5 /* UserRoomMember.swift in Sources */ = {isa = PBXBuildFile; fileRef = 76008F8B24ACEE3300B858F5 /* UserRoomMember.swift */; };
		76008F8E24ACEE8900B858F5 /* OtherRoomMember.swift in Sources */ = {isa = PBXBuildFile; fileRef = 76008F8D24ACEE8900B858F5 /* OtherRoomMember.swift */; };
		76008F9024ACEEA900B858F5 /* RoomMember.swift in Sources */ = {isa = PBXBuildFile; fileRef = 76008F8F24ACEEA900B858F5 /* RoomMember.swift */; };
		76008F9324ACEEEB00B858F5 /* CameraLayerRenderer.swift in Sources */ = {isa = PBXBuildFile; fileRef = 76008F9224ACEEEB00B858F5 /* CameraLayerRenderer.swift */; };
		76008F9524ACF7A700B858F5 /* BasePersonNode.swift in Sources */ = {isa = PBXBuildFile; fileRef = 76008F9424ACF7A700B858F5 /* BasePersonNode.swift */; };
		762D9D4824AA7C7100EF9D8E /* AppDelegate.swift in Sources */ = {isa = PBXBuildFile; fileRef = 762D9D4724AA7C7100EF9D8E /* AppDelegate.swift */; };
		762D9D4A24AA7C7100EF9D8E /* SceneDelegate.swift in Sources */ = {isa = PBXBuildFile; fileRef = 762D9D4924AA7C7100EF9D8E /* SceneDelegate.swift */; };
		762D9D5124AA7C7400EF9D8E /* Assets.xcassets in Resources */ = {isa = PBXBuildFile; fileRef = 762D9D5024AA7C7400EF9D8E /* Assets.xcassets */; };
		762D9D5424AA7C7400EF9D8E /* LaunchScreen.storyboard in Resources */ = {isa = PBXBuildFile; fileRef = 762D9D5224AA7C7400EF9D8E /* LaunchScreen.storyboard */; };
		762D9D5F24AA7C7400EF9D8E /* connect_testTests.swift in Sources */ = {isa = PBXBuildFile; fileRef = 762D9D5E24AA7C7400EF9D8E /* connect_testTests.swift */; };
		762D9D6A24AA7C7400EF9D8E /* connect_testUITests.swift in Sources */ = {isa = PBXBuildFile; fileRef = 762D9D6924AA7C7400EF9D8E /* connect_testUITests.swift */; };
		768EDF8624AA8B3B00CAE740 /* RoomViewController.swift in Sources */ = {isa = PBXBuildFile; fileRef = 768EDF8524AA8B3B00CAE740 /* RoomViewController.swift */; };
/* End PBXBuildFile section */

/* Begin PBXContainerItemProxy section */
		762D9D5B24AA7C7400EF9D8E /* PBXContainerItemProxy */ = {
			isa = PBXContainerItemProxy;
			containerPortal = 762D9D3C24AA7C7100EF9D8E /* Project object */;
			proxyType = 1;
			remoteGlobalIDString = 762D9D4324AA7C7100EF9D8E;
			remoteInfo = connect.test;
		};
		762D9D6624AA7C7400EF9D8E /* PBXContainerItemProxy */ = {
			isa = PBXContainerItemProxy;
			containerPortal = 762D9D3C24AA7C7100EF9D8E /* Project object */;
			proxyType = 1;
			remoteGlobalIDString = 762D9D4324AA7C7100EF9D8E;
			remoteInfo = connect.test;
		};
/* End PBXContainerItemProxy section */

/* Begin PBXFileReference section */
		76008F7724ABBB1B00B858F5 /* RoomScene.swift */ = {isa = PBXFileReference; lastKnownFileType = sourcecode.swift; path = RoomScene.swift; sourceTree = "<group>"; };
		76008F7924ABBB4B00B858F5 /* RoomSceneInteractive.swift */ = {isa = PBXFileReference; lastKnownFileType = sourcecode.swift; path = RoomSceneInteractive.swift; sourceTree = "<group>"; };
		76008F7B24ABBF5600B858F5 /* RoomBackground.swift */ = {isa = PBXFileReference; lastKnownFileType = sourcecode.swift; path = RoomBackground.swift; sourceTree = "<group>"; };
		76008F7D24ABC07200B858F5 /* UIColor+Ext.swift */ = {isa = PBXFileReference; lastKnownFileType = sourcecode.swift; path = "UIColor+Ext.swift"; sourceTree = "<group>"; };
		76008F8024ACD9AE00B858F5 /* UserNode.swift */ = {isa = PBXFileReference; lastKnownFileType = sourcecode.swift; path = UserNode.swift; sourceTree = "<group>"; };
		76008F8224ACD9C400B858F5 /* PersonNodeIdentifiable.swift */ = {isa = PBXFileReference; lastKnownFileType = sourcecode.swift; path = PersonNodeIdentifiable.swift; sourceTree = "<group>"; };
		76008F8424ACDA0B00B858F5 /* RoomMemberNode.swift */ = {isa = PBXFileReference; lastKnownFileType = sourcecode.swift; path = RoomMemberNode.swift; sourceTree = "<group>"; };
		76008F8624ACDA5300B858F5 /* RoomSceneLayoutConstants.swift */ = {isa = PBXFileReference; lastKnownFileType = sourcecode.swift; path = RoomSceneLayoutConstants.swift; sourceTree = "<group>"; };
		76008F8824ACDAC500B858F5 /* RoomSceneDelegate.swift */ = {isa = PBXFileReference; lastKnownFileType = sourcecode.swift; path = RoomSceneDelegate.swift; sourceTree = "<group>"; };
		76008F8B24ACEE3300B858F5 /* UserRoomMember.swift */ = {isa = PBXFileReference; lastKnownFileType = sourcecode.swift; path = UserRoomMember.swift; sourceTree = "<group>"; };
		76008F8D24ACEE8900B858F5 /* OtherRoomMember.swift */ = {isa = PBXFileReference; lastKnownFileType = sourcecode.swift; path = OtherRoomMember.swift; sourceTree = "<group>"; };
		76008F8F24ACEEA900B858F5 /* RoomMember.swift */ = {isa = PBXFileReference; lastKnownFileType = sourcecode.swift; path = RoomMember.swift; sourceTree = "<group>"; };
		76008F9224ACEEEB00B858F5 /* CameraLayerRenderer.swift */ = {isa = PBXFileReference; lastKnownFileType = sourcecode.swift; path = CameraLayerRenderer.swift; sourceTree = "<group>"; };
		76008F9424ACF7A700B858F5 /* BasePersonNode.swift */ = {isa = PBXFileReference; lastKnownFileType = sourcecode.swift; path = BasePersonNode.swift; sourceTree = "<group>"; };
		762D9D4424AA7C7100EF9D8E /* connect.test.app */ = {isa = PBXFileReference; explicitFileType = wrapper.application; includeInIndex = 0; path = connect.test.app; sourceTree = BUILT_PRODUCTS_DIR; };
		762D9D4724AA7C7100EF9D8E /* AppDelegate.swift */ = {isa = PBXFileReference; lastKnownFileType = sourcecode.swift; path = AppDelegate.swift; sourceTree = "<group>"; };
		762D9D4924AA7C7100EF9D8E /* SceneDelegate.swift */ = {isa = PBXFileReference; lastKnownFileType = sourcecode.swift; path = SceneDelegate.swift; sourceTree = "<group>"; };
		762D9D5024AA7C7400EF9D8E /* Assets.xcassets */ = {isa = PBXFileReference; lastKnownFileType = folder.assetcatalog; path = Assets.xcassets; sourceTree = "<group>"; };
		762D9D5324AA7C7400EF9D8E /* Base */ = {isa = PBXFileReference; lastKnownFileType = file.storyboard; name = Base; path = Base.lproj/LaunchScreen.storyboard; sourceTree = "<group>"; };
		762D9D5524AA7C7400EF9D8E /* Info.plist */ = {isa = PBXFileReference; lastKnownFileType = text.plist.xml; path = Info.plist; sourceTree = "<group>"; };
		762D9D5A24AA7C7400EF9D8E /* connect.testTests.xctest */ = {isa = PBXFileReference; explicitFileType = wrapper.cfbundle; includeInIndex = 0; path = connect.testTests.xctest; sourceTree = BUILT_PRODUCTS_DIR; };
		762D9D5E24AA7C7400EF9D8E /* connect_testTests.swift */ = {isa = PBXFileReference; lastKnownFileType = sourcecode.swift; path = connect_testTests.swift; sourceTree = "<group>"; };
		762D9D6024AA7C7400EF9D8E /* Info.plist */ = {isa = PBXFileReference; lastKnownFileType = text.plist.xml; path = Info.plist; sourceTree = "<group>"; };
		762D9D6524AA7C7400EF9D8E /* connect.testUITests.xctest */ = {isa = PBXFileReference; explicitFileType = wrapper.cfbundle; includeInIndex = 0; path = connect.testUITests.xctest; sourceTree = BUILT_PRODUCTS_DIR; };
		762D9D6924AA7C7400EF9D8E /* connect_testUITests.swift */ = {isa = PBXFileReference; lastKnownFileType = sourcecode.swift; path = connect_testUITests.swift; sourceTree = "<group>"; };
		762D9D6B24AA7C7400EF9D8E /* Info.plist */ = {isa = PBXFileReference; lastKnownFileType = text.plist.xml; path = Info.plist; sourceTree = "<group>"; };
		768EDF8524AA8B3B00CAE740 /* RoomViewController.swift */ = {isa = PBXFileReference; lastKnownFileType = sourcecode.swift; path = RoomViewController.swift; sourceTree = "<group>"; };
/* End PBXFileReference section */

/* Begin PBXFrameworksBuildPhase section */
		762D9D4124AA7C7100EF9D8E /* Frameworks */ = {
			isa = PBXFrameworksBuildPhase;
			buildActionMask = 2147483647;
			files = (
			);
			runOnlyForDeploymentPostprocessing = 0;
		};
		762D9D5724AA7C7400EF9D8E /* Frameworks */ = {
			isa = PBXFrameworksBuildPhase;
			buildActionMask = 2147483647;
			files = (
			);
			runOnlyForDeploymentPostprocessing = 0;
		};
		762D9D6224AA7C7400EF9D8E /* Frameworks */ = {
			isa = PBXFrameworksBuildPhase;
			buildActionMask = 2147483647;
			files = (
			);
			runOnlyForDeploymentPostprocessing = 0;
		};
/* End PBXFrameworksBuildPhase section */

/* Begin PBXGroup section */
		76008F7F24ACD98B00B858F5 /* Nodes */ = {
			isa = PBXGroup;
			children = (
				76008F8024ACD9AE00B858F5 /* UserNode.swift */,
				76008F8224ACD9C400B858F5 /* PersonNodeIdentifiable.swift */,
				76008F8424ACDA0B00B858F5 /* RoomMemberNode.swift */,
				76008F9424ACF7A700B858F5 /* BasePersonNode.swift */,
			);
			path = Nodes;
			sourceTree = "<group>";
		};
		76008F8A24ACED2F00B858F5 /* Models */ = {
			isa = PBXGroup;
			children = (
				76008F8B24ACEE3300B858F5 /* UserRoomMember.swift */,
				76008F8D24ACEE8900B858F5 /* OtherRoomMember.swift */,
				76008F8F24ACEEA900B858F5 /* RoomMember.swift */,
			);
			path = Models;
			sourceTree = "<group>";
		};
		76008F9124ACEECC00B858F5 /* VideoStream */ = {
			isa = PBXGroup;
			children = (
				76008F9224ACEEEB00B858F5 /* CameraLayerRenderer.swift */,
			);
			path = VideoStream;
			sourceTree = "<group>";
		};
		762D9D3B24AA7C7100EF9D8E = {
			isa = PBXGroup;
			children = (
				762D9D4624AA7C7100EF9D8E /* connect.test */,
				762D9D5D24AA7C7400EF9D8E /* connect.testTests */,
				762D9D6824AA7C7400EF9D8E /* connect.testUITests */,
				762D9D4524AA7C7100EF9D8E /* Products */,
			);
			sourceTree = "<group>";
		};
		762D9D4524AA7C7100EF9D8E /* Products */ = {
			isa = PBXGroup;
			children = (
				762D9D4424AA7C7100EF9D8E /* connect.test.app */,
				762D9D5A24AA7C7400EF9D8E /* connect.testTests.xctest */,
				762D9D6524AA7C7400EF9D8E /* connect.testUITests.xctest */,
			);
			name = Products;
			sourceTree = "<group>";
		};
		762D9D4624AA7C7100EF9D8E /* connect.test */ = {
			isa = PBXGroup;
			children = (
				76008F9124ACEECC00B858F5 /* VideoStream */,
				762D9D5024AA7C7400EF9D8E /* Assets.xcassets */,
				762D9D5524AA7C7400EF9D8E /* Info.plist */,
				762D9D5224AA7C7400EF9D8E /* LaunchScreen.storyboard */,
				762D9D4724AA7C7100EF9D8E /* AppDelegate.swift */,
				762D9D4924AA7C7100EF9D8E /* SceneDelegate.swift */,
				76008F8A24ACED2F00B858F5 /* Models */,
				768EDF8724AA8B5500CAE740 /* Resources */,
				768EDF8824AA8B6A00CAE740 /* Room */,
			);
			path = connect.test;
			sourceTree = "<group>";
		};
		762D9D5D24AA7C7400EF9D8E /* connect.testTests */ = {
			isa = PBXGroup;
			children = (
				762D9D5E24AA7C7400EF9D8E /* connect_testTests.swift */,
				762D9D6024AA7C7400EF9D8E /* Info.plist */,
			);
			path = connect.testTests;
			sourceTree = "<group>";
		};
		762D9D6824AA7C7400EF9D8E /* connect.testUITests */ = {
			isa = PBXGroup;
			children = (
				762D9D6924AA7C7400EF9D8E /* connect_testUITests.swift */,
				762D9D6B24AA7C7400EF9D8E /* Info.plist */,
			);
			path = connect.testUITests;
			sourceTree = "<group>";
		};
		768EDF8724AA8B5500CAE740 /* Resources */ = {
			isa = PBXGroup;
			children = (
				76008F7D24ABC07200B858F5 /* UIColor+Ext.swift */,
			);
			path = Resources;
			sourceTree = "<group>";
		};
		768EDF8824AA8B6A00CAE740 /* Room */ = {
			isa = PBXGroup;
			children = (
				76008F7F24ACD98B00B858F5 /* Nodes */,
				768EDF8524AA8B3B00CAE740 /* RoomViewController.swift */,
				76008F7724ABBB1B00B858F5 /* RoomScene.swift */,
				76008F7924ABBB4B00B858F5 /* RoomSceneInteractive.swift */,
				76008F7B24ABBF5600B858F5 /* RoomBackground.swift */,
				76008F8624ACDA5300B858F5 /* RoomSceneLayoutConstants.swift */,
				76008F8824ACDAC500B858F5 /* RoomSceneDelegate.swift */,
			);
			path = Room;
			sourceTree = "<group>";
		};
/* End PBXGroup section */

/* Begin PBXNativeTarget section */
		762D9D4324AA7C7100EF9D8E /* connect.test */ = {
			isa = PBXNativeTarget;
			buildConfigurationList = 762D9D6E24AA7C7400EF9D8E /* Build configuration list for PBXNativeTarget "connect.test" */;
			buildPhases = (
				762D9D4024AA7C7100EF9D8E /* Sources */,
				762D9D4124AA7C7100EF9D8E /* Frameworks */,
				762D9D4224AA7C7100EF9D8E /* Resources */,
			);
			buildRules = (
			);
			dependencies = (
			);
			name = connect.test;
			productName = connect.test;
			productReference = 762D9D4424AA7C7100EF9D8E /* connect.test.app */;
			productType = "com.apple.product-type.application";
		};
		762D9D5924AA7C7400EF9D8E /* connect.testTests */ = {
			isa = PBXNativeTarget;
			buildConfigurationList = 762D9D7124AA7C7400EF9D8E /* Build configuration list for PBXNativeTarget "connect.testTests" */;
			buildPhases = (
				762D9D5624AA7C7400EF9D8E /* Sources */,
				762D9D5724AA7C7400EF9D8E /* Frameworks */,
				762D9D5824AA7C7400EF9D8E /* Resources */,
			);
			buildRules = (
			);
			dependencies = (
				762D9D5C24AA7C7400EF9D8E /* PBXTargetDependency */,
			);
			name = connect.testTests;
			productName = connect.testTests;
			productReference = 762D9D5A24AA7C7400EF9D8E /* connect.testTests.xctest */;
			productType = "com.apple.product-type.bundle.unit-test";
		};
		762D9D6424AA7C7400EF9D8E /* connect.testUITests */ = {
			isa = PBXNativeTarget;
			buildConfigurationList = 762D9D7424AA7C7400EF9D8E /* Build configuration list for PBXNativeTarget "connect.testUITests" */;
			buildPhases = (
				762D9D6124AA7C7400EF9D8E /* Sources */,
				762D9D6224AA7C7400EF9D8E /* Frameworks */,
				762D9D6324AA7C7400EF9D8E /* Resources */,
			);
			buildRules = (
			);
			dependencies = (
				762D9D6724AA7C7400EF9D8E /* PBXTargetDependency */,
			);
			name = connect.testUITests;
			productName = connect.testUITests;
			productReference = 762D9D6524AA7C7400EF9D8E /* connect.testUITests.xctest */;
			productType = "com.apple.product-type.bundle.ui-testing";
		};
/* End PBXNativeTarget section */

/* Begin PBXProject section */
		762D9D3C24AA7C7100EF9D8E /* Project object */ = {
			isa = PBXProject;
			attributes = {
				LastSwiftUpdateCheck = 1150;
				LastUpgradeCheck = 1150;
				ORGANIZATIONNAME = "Тарас Минин";
				TargetAttributes = {
					762D9D4324AA7C7100EF9D8E = {
						CreatedOnToolsVersion = 11.5;
					};
					762D9D5924AA7C7400EF9D8E = {
						CreatedOnToolsVersion = 11.5;
						TestTargetID = 762D9D4324AA7C7100EF9D8E;
					};
					762D9D6424AA7C7400EF9D8E = {
						CreatedOnToolsVersion = 11.5;
						TestTargetID = 762D9D4324AA7C7100EF9D8E;
					};
				};
			};
			buildConfigurationList = 762D9D3F24AA7C7100EF9D8E /* Build configuration list for PBXProject "connect.test" */;
			compatibilityVersion = "Xcode 9.3";
			developmentRegion = en;
			hasScannedForEncodings = 0;
			knownRegions = (
				en,
				Base,
			);
			mainGroup = 762D9D3B24AA7C7100EF9D8E;
			productRefGroup = 762D9D4524AA7C7100EF9D8E /* Products */;
			projectDirPath = "";
			projectRoot = "";
			targets = (
				762D9D4324AA7C7100EF9D8E /* connect.test */,
				762D9D5924AA7C7400EF9D8E /* connect.testTests */,
				762D9D6424AA7C7400EF9D8E /* connect.testUITests */,
			);
		};
/* End PBXProject section */

/* Begin PBXResourcesBuildPhase section */
		762D9D4224AA7C7100EF9D8E /* Resources */ = {
			isa = PBXResourcesBuildPhase;
			buildActionMask = 2147483647;
			files = (
				762D9D5424AA7C7400EF9D8E /* LaunchScreen.storyboard in Resources */,
				762D9D5124AA7C7400EF9D8E /* Assets.xcassets in Resources */,
			);
			runOnlyForDeploymentPostprocessing = 0;
		};
		762D9D5824AA7C7400EF9D8E /* Resources */ = {
			isa = PBXResourcesBuildPhase;
			buildActionMask = 2147483647;
			files = (
			);
			runOnlyForDeploymentPostprocessing = 0;
		};
		762D9D6324AA7C7400EF9D8E /* Resources */ = {
			isa = PBXResourcesBuildPhase;
			buildActionMask = 2147483647;
			files = (
			);
			runOnlyForDeploymentPostprocessing = 0;
		};
/* End PBXResourcesBuildPhase section */

/* Begin PBXSourcesBuildPhase section */
		762D9D4024AA7C7100EF9D8E /* Sources */ = {
			isa = PBXSourcesBuildPhase;
			buildActionMask = 2147483647;
			files = (
				76008F7E24ABC07200B858F5 /* UIColor+Ext.swift in Sources */,
				76008F9324ACEEEB00B858F5 /* CameraLayerRenderer.swift in Sources */,
				76008F8E24ACEE8900B858F5 /* OtherRoomMember.swift in Sources */,
				76008F9524ACF7A700B858F5 /* BasePersonNode.swift in Sources */,
				76008F7C24ABBF5600B858F5 /* RoomBackground.swift in Sources */,
				76008F8524ACDA0B00B858F5 /* RoomMemberNode.swift in Sources */,
				76008F8C24ACEE3300B858F5 /* UserRoomMember.swift in Sources */,
				762D9D4824AA7C7100EF9D8E /* AppDelegate.swift in Sources */,
				76008F7824ABBB1B00B858F5 /* RoomScene.swift in Sources */,
				76008F9024ACEEA900B858F5 /* RoomMember.swift in Sources */,
				76008F7A24ABBB4B00B858F5 /* RoomSceneInteractive.swift in Sources */,
				76008F8724ACDA5300B858F5 /* RoomSceneLayoutConstants.swift in Sources */,
				762D9D4A24AA7C7100EF9D8E /* SceneDelegate.swift in Sources */,
				76008F8924ACDAC500B858F5 /* RoomSceneDelegate.swift in Sources */,
				76008F8324ACD9C400B858F5 /* PersonNodeIdentifiable.swift in Sources */,
				76008F8124ACD9AE00B858F5 /* UserNode.swift in Sources */,
				768EDF8624AA8B3B00CAE740 /* RoomViewController.swift in Sources */,
			);
			runOnlyForDeploymentPostprocessing = 0;
		};
		762D9D5624AA7C7400EF9D8E /* Sources */ = {
			isa = PBXSourcesBuildPhase;
			buildActionMask = 2147483647;
			files = (
				762D9D5F24AA7C7400EF9D8E /* connect_testTests.swift in Sources */,
			);
			runOnlyForDeploymentPostprocessing = 0;
		};
		762D9D6124AA7C7400EF9D8E /* Sources */ = {
			isa = PBXSourcesBuildPhase;
			buildActionMask = 2147483647;
			files = (
				762D9D6A24AA7C7400EF9D8E /* connect_testUITests.swift in Sources */,
			);
			runOnlyForDeploymentPostprocessing = 0;
		};
/* End PBXSourcesBuildPhase section */

/* Begin PBXTargetDependency section */
		762D9D5C24AA7C7400EF9D8E /* PBXTargetDependency */ = {
			isa = PBXTargetDependency;
			target = 762D9D4324AA7C7100EF9D8E /* connect.test */;
			targetProxy = 762D9D5B24AA7C7400EF9D8E /* PBXContainerItemProxy */;
		};
		762D9D6724AA7C7400EF9D8E /* PBXTargetDependency */ = {
			isa = PBXTargetDependency;
			target = 762D9D4324AA7C7100EF9D8E /* connect.test */;
			targetProxy = 762D9D6624AA7C7400EF9D8E /* PBXContainerItemProxy */;
		};
/* End PBXTargetDependency section */

/* Begin PBXVariantGroup section */
		762D9D5224AA7C7400EF9D8E /* LaunchScreen.storyboard */ = {
			isa = PBXVariantGroup;
			children = (
				762D9D5324AA7C7400EF9D8E /* Base */,
			);
			name = LaunchScreen.storyboard;
			sourceTree = "<group>";
		};
/* End PBXVariantGroup section */

/* Begin XCBuildConfiguration section */
		762D9D6C24AA7C7400EF9D8E /* Debug */ = {
			isa = XCBuildConfiguration;
			buildSettings = {
				ALWAYS_SEARCH_USER_PATHS = NO;
				CLANG_ANALYZER_NONNULL = YES;
				CLANG_ANALYZER_NUMBER_OBJECT_CONVERSION = YES_AGGRESSIVE;
				CLANG_CXX_LANGUAGE_STANDARD = "gnu++14";
				CLANG_CXX_LIBRARY = "libc++";
				CLANG_ENABLE_MODULES = YES;
				CLANG_ENABLE_OBJC_ARC = YES;
				CLANG_ENABLE_OBJC_WEAK = YES;
				CLANG_WARN_BLOCK_CAPTURE_AUTORELEASING = YES;
				CLANG_WARN_BOOL_CONVERSION = YES;
				CLANG_WARN_COMMA = YES;
				CLANG_WARN_CONSTANT_CONVERSION = YES;
				CLANG_WARN_DEPRECATED_OBJC_IMPLEMENTATIONS = YES;
				CLANG_WARN_DIRECT_OBJC_ISA_USAGE = YES_ERROR;
				CLANG_WARN_DOCUMENTATION_COMMENTS = YES;
				CLANG_WARN_EMPTY_BODY = YES;
				CLANG_WARN_ENUM_CONVERSION = YES;
				CLANG_WARN_INFINITE_RECURSION = YES;
				CLANG_WARN_INT_CONVERSION = YES;
				CLANG_WARN_NON_LITERAL_NULL_CONVERSION = YES;
				CLANG_WARN_OBJC_IMPLICIT_RETAIN_SELF = YES;
				CLANG_WARN_OBJC_LITERAL_CONVERSION = YES;
				CLANG_WARN_OBJC_ROOT_CLASS = YES_ERROR;
				CLANG_WARN_RANGE_LOOP_ANALYSIS = YES;
				CLANG_WARN_STRICT_PROTOTYPES = YES;
				CLANG_WARN_SUSPICIOUS_MOVE = YES;
				CLANG_WARN_UNGUARDED_AVAILABILITY = YES_AGGRESSIVE;
				CLANG_WARN_UNREACHABLE_CODE = YES;
				CLANG_WARN__DUPLICATE_METHOD_MATCH = YES;
				COPY_PHASE_STRIP = NO;
				DEBUG_INFORMATION_FORMAT = dwarf;
				ENABLE_STRICT_OBJC_MSGSEND = YES;
				ENABLE_TESTABILITY = YES;
				GCC_C_LANGUAGE_STANDARD = gnu11;
				GCC_DYNAMIC_NO_PIC = NO;
				GCC_NO_COMMON_BLOCKS = YES;
				GCC_OPTIMIZATION_LEVEL = 0;
				GCC_PREPROCESSOR_DEFINITIONS = (
					"DEBUG=1",
					"$(inherited)",
				);
				GCC_WARN_64_TO_32_BIT_CONVERSION = YES;
				GCC_WARN_ABOUT_RETURN_TYPE = YES_ERROR;
				GCC_WARN_UNDECLARED_SELECTOR = YES;
				GCC_WARN_UNINITIALIZED_AUTOS = YES_AGGRESSIVE;
				GCC_WARN_UNUSED_FUNCTION = YES;
				GCC_WARN_UNUSED_VARIABLE = YES;
				IPHONEOS_DEPLOYMENT_TARGET = 13.5;
				MTL_ENABLE_DEBUG_INFO = INCLUDE_SOURCE;
				MTL_FAST_MATH = YES;
				ONLY_ACTIVE_ARCH = YES;
				SDKROOT = iphoneos;
				SWIFT_ACTIVE_COMPILATION_CONDITIONS = DEBUG;
				SWIFT_OPTIMIZATION_LEVEL = "-Onone";
			};
			name = Debug;
		};
		762D9D6D24AA7C7400EF9D8E /* Release */ = {
			isa = XCBuildConfiguration;
			buildSettings = {
				ALWAYS_SEARCH_USER_PATHS = NO;
				CLANG_ANALYZER_NONNULL = YES;
				CLANG_ANALYZER_NUMBER_OBJECT_CONVERSION = YES_AGGRESSIVE;
				CLANG_CXX_LANGUAGE_STANDARD = "gnu++14";
				CLANG_CXX_LIBRARY = "libc++";
				CLANG_ENABLE_MODULES = YES;
				CLANG_ENABLE_OBJC_ARC = YES;
				CLANG_ENABLE_OBJC_WEAK = YES;
				CLANG_WARN_BLOCK_CAPTURE_AUTORELEASING = YES;
				CLANG_WARN_BOOL_CONVERSION = YES;
				CLANG_WARN_COMMA = YES;
				CLANG_WARN_CONSTANT_CONVERSION = YES;
				CLANG_WARN_DEPRECATED_OBJC_IMPLEMENTATIONS = YES;
				CLANG_WARN_DIRECT_OBJC_ISA_USAGE = YES_ERROR;
				CLANG_WARN_DOCUMENTATION_COMMENTS = YES;
				CLANG_WARN_EMPTY_BODY = YES;
				CLANG_WARN_ENUM_CONVERSION = YES;
				CLANG_WARN_INFINITE_RECURSION = YES;
				CLANG_WARN_INT_CONVERSION = YES;
				CLANG_WARN_NON_LITERAL_NULL_CONVERSION = YES;
				CLANG_WARN_OBJC_IMPLICIT_RETAIN_SELF = YES;
				CLANG_WARN_OBJC_LITERAL_CONVERSION = YES;
				CLANG_WARN_OBJC_ROOT_CLASS = YES_ERROR;
				CLANG_WARN_RANGE_LOOP_ANALYSIS = YES;
				CLANG_WARN_STRICT_PROTOTYPES = YES;
				CLANG_WARN_SUSPICIOUS_MOVE = YES;
				CLANG_WARN_UNGUARDED_AVAILABILITY = YES_AGGRESSIVE;
				CLANG_WARN_UNREACHABLE_CODE = YES;
				CLANG_WARN__DUPLICATE_METHOD_MATCH = YES;
				COPY_PHASE_STRIP = NO;
				DEBUG_INFORMATION_FORMAT = "dwarf-with-dsym";
				ENABLE_NS_ASSERTIONS = NO;
				ENABLE_STRICT_OBJC_MSGSEND = YES;
				GCC_C_LANGUAGE_STANDARD = gnu11;
				GCC_NO_COMMON_BLOCKS = YES;
				GCC_WARN_64_TO_32_BIT_CONVERSION = YES;
				GCC_WARN_ABOUT_RETURN_TYPE = YES_ERROR;
				GCC_WARN_UNDECLARED_SELECTOR = YES;
				GCC_WARN_UNINITIALIZED_AUTOS = YES_AGGRESSIVE;
				GCC_WARN_UNUSED_FUNCTION = YES;
				GCC_WARN_UNUSED_VARIABLE = YES;
				IPHONEOS_DEPLOYMENT_TARGET = 13.5;
				MTL_ENABLE_DEBUG_INFO = NO;
				MTL_FAST_MATH = YES;
				SDKROOT = iphoneos;
				SWIFT_COMPILATION_MODE = wholemodule;
				SWIFT_OPTIMIZATION_LEVEL = "-O";
				VALIDATE_PRODUCT = YES;
			};
			name = Release;
		};
		762D9D6F24AA7C7400EF9D8E /* Debug */ = {
			isa = XCBuildConfiguration;
			buildSettings = {
				ASSETCATALOG_COMPILER_APPICON_NAME = AppIcon;
				CODE_SIGN_STYLE = Automatic;
				DEVELOPMENT_TEAM = D82HCVQN26;
				INFOPLIST_FILE = connect.test/Info.plist;
				LD_RUNPATH_SEARCH_PATHS = (
					"$(inherited)",
					"@executable_path/Frameworks",
				);
				PRODUCT_BUNDLE_IDENTIFIER = "taras.connect-test";
				PRODUCT_NAME = "$(TARGET_NAME)";
				SWIFT_VERSION = 5.0;
				TARGETED_DEVICE_FAMILY = "1,2";
			};
			name = Debug;
		};
		762D9D7024AA7C7400EF9D8E /* Release */ = {
			isa = XCBuildConfiguration;
			buildSettings = {
				ASSETCATALOG_COMPILER_APPICON_NAME = AppIcon;
				CODE_SIGN_STYLE = Automatic;
				DEVELOPMENT_TEAM = D82HCVQN26;
				INFOPLIST_FILE = connect.test/Info.plist;
				LD_RUNPATH_SEARCH_PATHS = (
					"$(inherited)",
					"@executable_path/Frameworks",
				);
				PRODUCT_BUNDLE_IDENTIFIER = "taras.connect-test";
				PRODUCT_NAME = "$(TARGET_NAME)";
				SWIFT_VERSION = 5.0;
				TARGETED_DEVICE_FAMILY = "1,2";
			};
			name = Release;
		};
		762D9D7224AA7C7400EF9D8E /* Debug */ = {
			isa = XCBuildConfiguration;
			buildSettings = {
				ALWAYS_EMBED_SWIFT_STANDARD_LIBRARIES = YES;
				BUNDLE_LOADER = "$(TEST_HOST)";
				CODE_SIGN_STYLE = Automatic;
				DEVELOPMENT_TEAM = D82HCVQN26;
				INFOPLIST_FILE = connect.testTests/Info.plist;
				IPHONEOS_DEPLOYMENT_TARGET = 13.5;
				LD_RUNPATH_SEARCH_PATHS = (
					"$(inherited)",
					"@executable_path/Frameworks",
					"@loader_path/Frameworks",
				);
				PRODUCT_BUNDLE_IDENTIFIER = "taras.connect-testTests";
				PRODUCT_NAME = "$(TARGET_NAME)";
				SWIFT_VERSION = 5.0;
				TARGETED_DEVICE_FAMILY = "1,2";
				TEST_HOST = "$(BUILT_PRODUCTS_DIR)/connect.test.app/connect.test";
			};
			name = Debug;
		};
		762D9D7324AA7C7400EF9D8E /* Release */ = {
			isa = XCBuildConfiguration;
			buildSettings = {
				ALWAYS_EMBED_SWIFT_STANDARD_LIBRARIES = YES;
				BUNDLE_LOADER = "$(TEST_HOST)";
				CODE_SIGN_STYLE = Automatic;
				DEVELOPMENT_TEAM = D82HCVQN26;
				INFOPLIST_FILE = connect.testTests/Info.plist;
				IPHONEOS_DEPLOYMENT_TARGET = 13.5;
				LD_RUNPATH_SEARCH_PATHS = (
					"$(inherited)",
					"@executable_path/Frameworks",
					"@loader_path/Frameworks",
				);
				PRODUCT_BUNDLE_IDENTIFIER = "taras.connect-testTests";
				PRODUCT_NAME = "$(TARGET_NAME)";
				SWIFT_VERSION = 5.0;
				TARGETED_DEVICE_FAMILY = "1,2";
				TEST_HOST = "$(BUILT_PRODUCTS_DIR)/connect.test.app/connect.test";
			};
			name = Release;
		};
		762D9D7524AA7C7400EF9D8E /* Debug */ = {
			isa = XCBuildConfiguration;
			buildSettings = {
				ALWAYS_EMBED_SWIFT_STANDARD_LIBRARIES = YES;
				CODE_SIGN_STYLE = Automatic;
				DEVELOPMENT_TEAM = D82HCVQN26;
				INFOPLIST_FILE = connect.testUITests/Info.plist;
				LD_RUNPATH_SEARCH_PATHS = (
					"$(inherited)",
					"@executable_path/Frameworks",
					"@loader_path/Frameworks",
				);
				PRODUCT_BUNDLE_IDENTIFIER = "taras.connect-testUITests";
				PRODUCT_NAME = "$(TARGET_NAME)";
				SWIFT_VERSION = 5.0;
				TARGETED_DEVICE_FAMILY = "1,2";
				TEST_TARGET_NAME = connect.test;
			};
			name = Debug;
		};
		762D9D7624AA7C7400EF9D8E /* Release */ = {
			isa = XCBuildConfiguration;
			buildSettings = {
				ALWAYS_EMBED_SWIFT_STANDARD_LIBRARIES = YES;
				CODE_SIGN_STYLE = Automatic;
				DEVELOPMENT_TEAM = D82HCVQN26;
				INFOPLIST_FILE = connect.testUITests/Info.plist;
				LD_RUNPATH_SEARCH_PATHS = (
					"$(inherited)",
					"@executable_path/Frameworks",
					"@loader_path/Frameworks",
				);
				PRODUCT_BUNDLE_IDENTIFIER = "taras.connect-testUITests";
				PRODUCT_NAME = "$(TARGET_NAME)";
				SWIFT_VERSION = 5.0;
				TARGETED_DEVICE_FAMILY = "1,2";
				TEST_TARGET_NAME = connect.test;
			};
			name = Release;
		};
/* End XCBuildConfiguration section */

/* Begin XCConfigurationList section */
		762D9D3F24AA7C7100EF9D8E /* Build configuration list for PBXProject "connect.test" */ = {
			isa = XCConfigurationList;
			buildConfigurations = (
				762D9D6C24AA7C7400EF9D8E /* Debug */,
				762D9D6D24AA7C7400EF9D8E /* Release */,
			);
			defaultConfigurationIsVisible = 0;
			defaultConfigurationName = Release;
		};
		762D9D6E24AA7C7400EF9D8E /* Build configuration list for PBXNativeTarget "connect.test" */ = {
			isa = XCConfigurationList;
			buildConfigurations = (
				762D9D6F24AA7C7400EF9D8E /* Debug */,
				762D9D7024AA7C7400EF9D8E /* Release */,
			);
			defaultConfigurationIsVisible = 0;
			defaultConfigurationName = Release;
		};
		762D9D7124AA7C7400EF9D8E /* Build configuration list for PBXNativeTarget "connect.testTests" */ = {
			isa = XCConfigurationList;
			buildConfigurations = (
				762D9D7224AA7C7400EF9D8E /* Debug */,
				762D9D7324AA7C7400EF9D8E /* Release */,
			);
			defaultConfigurationIsVisible = 0;
			defaultConfigurationName = Release;
		};
		762D9D7424AA7C7400EF9D8E /* Build configuration list for PBXNativeTarget "connect.testUITests" */ = {
			isa = XCConfigurationList;
			buildConfigurations = (
				762D9D7524AA7C7400EF9D8E /* Debug */,
				762D9D7624AA7C7400EF9D8E /* Release */,
			);
			defaultConfigurationIsVisible = 0;
			defaultConfigurationName = Release;
		};
/* End XCConfigurationList section */
	};
	rootObject = 762D9D3C24AA7C7100EF9D8E /* Project object */;
}
